
Microsoft Visual Studio Solution File, Format Version 12.00
# Visual Studio 15
VisualStudioVersion = 15.0.26730.15
MinimumVisualStudioVersion = 10.0.40219.1
Project("{FAE04EC0-301F-11D3-BF4B-00C04F79EFBC}") = "SharepointRedirectManager", "SharepointRedirectManager\SharepointRedirectManager.csproj", "{81363C46-D4AB-421C-9580-7ABA1CD12524}"
EndProject
Project("{F5034706-568F-408A-B7B3-4D38C6DB8A32}") = "Deployer", "Deployer\Deployer.pssproj", "{6CAFC0C6-A428-4D30-A9F9-700E829FEA51}"
EndProject
Global
	GlobalSection(SolutionConfigurationPlatforms) = preSolution
		Debug|Any CPU = Debug|Any CPU
		Release|Any CPU = Release|Any CPU
	EndGlobalSection
	GlobalSection(ProjectConfigurationPlatforms) = postSolution
		{81363C46-D4AB-421C-9580-7ABA1CD12524}.Debug|Any CPU.ActiveCfg = Debug|Any CPU
		{81363C46-D4AB-421C-9580-7ABA1CD12524}.Debug|Any CPU.Build.0 = Debug|Any CPU
		{81363C46-D4AB-421C-9580-7ABA1CD12524}.Debug|Any CPU.Deploy.0 = Debug|Any CPU
		{81363C46-D4AB-421C-9580-7ABA1CD12524}.Release|Any CPU.ActiveCfg = Release|Any CPU
		{81363C46-D4AB-421C-9580-7ABA1CD12524}.Release|Any CPU.Build.0 = Release|Any CPU
		{81363C46-D4AB-421C-9580-7ABA1CD12524}.Release|Any CPU.Deploy.0 = Release|Any CPU
		{6CAFC0C6-A428-4D30-A9F9-700E829FEA51}.Debug|Any CPU.ActiveCfg = Debug|Any CPU
		{6CAFC0C6-A428-4D30-A9F9-700E829FEA51}.Debug|Any CPU.Build.0 = Debug|Any CPU
		{6CAFC0C6-A428-4D30-A9F9-700E829FEA51}.Release|Any CPU.ActiveCfg = Release|Any CPU
		{6CAFC0C6-A428-4D30-A9F9-700E829FEA51}.Release|Any CPU.Build.0 = Release|Any CPU
	EndGlobalSection
	GlobalSection(SolutionProperties) = preSolution
		HideSolutionNode = FALSE
	EndGlobalSection
	GlobalSection(ExtensibilityGlobals) = postSolution
		SolutionGuid = {88F9E270-B546-4CE5-BD57-E742DAAA795E}
	EndGlobalSection
EndGlobal
